
Microsoft Visual Studio Solution File, Format Version 12.00
# Visual Studio Version 16
VisualStudioVersion = 16.0.29806.167
MinimumVisualStudioVersion = 10.0.40219.1
Project("{FAE04EC0-301F-11D3-BF4B-00C04F79EFBC}") = "BulletGame", "BulletGame\BulletGame.csproj", "{765F45F8-F6E9-412F-9E51-F5BB91A197E8}"
EndProject
Project("{FAE04EC0-301F-11D3-BF4B-00C04F79EFBC}") = "Testing", "Testing\Testing.csproj", "{69156489-CB3F-4CE5-864E-12536012AADD}"
EndProject
Global
	GlobalSection(SolutionConfigurationPlatforms) = preSolution
		Debug|Any CPU = Debug|Any CPU
		Release|Any CPU = Release|Any CPU
	EndGlobalSection
	GlobalSection(ProjectConfigurationPlatforms) = postSolution
		{765F45F8-F6E9-412F-9E51-F5BB91A197E8}.Debug|Any CPU.ActiveCfg = Debug|Any CPU
		{765F45F8-F6E9-412F-9E51-F5BB91A197E8}.Debug|Any CPU.Build.0 = Debug|Any CPU
		{765F45F8-F6E9-412F-9E51-F5BB91A197E8}.Release|Any CPU.ActiveCfg = Release|Any CPU
		{765F45F8-F6E9-412F-9E51-F5BB91A197E8}.Release|Any CPU.Build.0 = Release|Any CPU
		{69156489-CB3F-4CE5-864E-12536012AADD}.Debug|Any CPU.ActiveCfg = Debug|Any CPU
		{69156489-CB3F-4CE5-864E-12536012AADD}.Debug|Any CPU.Build.0 = Debug|Any CPU
		{69156489-CB3F-4CE5-864E-12536012AADD}.Release|Any CPU.ActiveCfg = Release|Any CPU
		{69156489-CB3F-4CE5-864E-12536012AADD}.Release|Any CPU.Build.0 = Release|Any CPU
	EndGlobalSection
	GlobalSection(SolutionProperties) = preSolution
		HideSolutionNode = FALSE
	EndGlobalSection
	GlobalSection(ExtensibilityGlobals) = postSolution
		SolutionGuid = {89109975-B2B8-49A5-B531-A351D129BBAE}
	EndGlobalSection
EndGlobal
